
Microsoft Visual Studio Solution File, Format Version 12.00
# Visual Studio Version 17
VisualStudioVersion = 17.7.34031.279
MinimumVisualStudioVersion = 10.0.40219.1
Project("{FAE04EC0-301F-11D3-BF4B-00C04F79EFBC}") = "ClienteV2", "ClienteV2\ClienteV2.csproj", "{16C50C9B-118B-401F-9D01-6A888799766F}"
EndProject
Global
	GlobalSection(SolutionConfigurationPlatforms) = preSolution
		Debug|Any CPU = Debug|Any CPU
		Release|Any CPU = Release|Any CPU
	EndGlobalSection
	GlobalSection(ProjectConfigurationPlatforms) = postSolution
		{16C50C9B-118B-401F-9D01-6A888799766F}.Debug|Any CPU.ActiveCfg = Debug|Any CPU
		{16C50C9B-118B-401F-9D01-6A888799766F}.Debug|Any CPU.Build.0 = Debug|Any CPU
		{16C50C9B-118B-401F-9D01-6A888799766F}.Release|Any CPU.ActiveCfg = Release|Any CPU
		{16C50C9B-118B-401F-9D01-6A888799766F}.Release|Any CPU.Build.0 = Release|Any CPU
	EndGlobalSection
	GlobalSection(SolutionProperties) = preSolution
		HideSolutionNode = FALSE
	EndGlobalSection
	GlobalSection(ExtensibilityGlobals) = postSolution
		SolutionGuid = {490715D7-81E6-493F-B476-B439C82599AF}
	EndGlobalSection
EndGlobal
